
Microsoft Visual Studio Solution File, Format Version 12.00
# Visual Studio 15
VisualStudioVersion = 15.0.27703.2042
MinimumVisualStudioVersion = 10.0.40219.1
Project("{8BC9CEB8-8B4A-11D0-8D11-00A0C91BC942}") = "ООП4", "ООП4\ООП4.vcxproj", "{29422BE8-F306-4E7D-B3C3-BD575C9FB417}"
EndProject
Global
	GlobalSection(SolutionConfigurationPlatforms) = preSolution
		Debug|x64 = Debug|x64
		Debug|x86 = Debug|x86
		Release|x64 = Release|x64
		Release|x86 = Release|x86
	EndGlobalSection
	GlobalSection(ProjectConfigurationPlatforms) = postSolution
		{29422BE8-F306-4E7D-B3C3-BD575C9FB417}.Debug|x64.ActiveCfg = Debug|x64
		{29422BE8-F306-4E7D-B3C3-BD575C9FB417}.Debug|x64.Build.0 = Debug|x64
		{29422BE8-F306-4E7D-B3C3-BD575C9FB417}.Debug|x86.ActiveCfg = Debug|Win32
		{29422BE8-F306-4E7D-B3C3-BD575C9FB417}.Debug|x86.Build.0 = Debug|Win32
		{29422BE8-F306-4E7D-B3C3-BD575C9FB417}.Release|x64.ActiveCfg = Release|x64
		{29422BE8-F306-4E7D-B3C3-BD575C9FB417}.Release|x64.Build.0 = Release|x64
		{29422BE8-F306-4E7D-B3C3-BD575C9FB417}.Release|x86.ActiveCfg = Release|Win32
		{29422BE8-F306-4E7D-B3C3-BD575C9FB417}.Release|x86.Build.0 = Release|Win32
	EndGlobalSection
	GlobalSection(SolutionProperties) = preSolution
		HideSolutionNode = FALSE
	EndGlobalSection
	GlobalSection(ExtensibilityGlobals) = postSolution
		SolutionGuid = {B9625D0F-3FB0-4F6B-9482-F3BF373BDE7C}
	EndGlobalSection
EndGlobal
